{
  "name": "asp.net",
  "version": "1.0.0",
  "lockfileVersion": 1,
  "requires": true,
  "dependencies": {
    "@types/three": {
      "version": "0.130.1",
      "resolved": "https://registry.npmjs.org/@types/three/-/three-0.130.1.tgz",
      "integrity": "sha512-FlCR3CxQHxCmjI0ZCG59O/E15bV+bx7XRO+nJ7RY8KBg2pEF/52frmV/uh9SrLd+ORx+7Zc7NxnJm5Kj4xS9Sg=="
    },
    "bootstrap": {
      "version": "5.0.2",
      "resolved": "https://registry.npmjs.org/bootstrap/-/bootstrap-5.0.2.tgz",
      "integrity": "sha512-1Ge963tyEQWJJ+8qtXFU6wgmAVj9gweEjibUdbmcCEYsn38tVwRk8107rk2vzt6cfQcRr3SlZ8aQBqaD8aqf+Q=="
    },
    "three": {
      "version": "0.131.3",
      "resolved": "https://registry.npmjs.org/three/-/three-0.131.3.tgz",
      "integrity": "sha512-VkZAv8ZTJqiE/fyEmoWLxcNHImpVcjqW7RO0GzMu3tRpwO0KUvK9pjTmJzJcAbc51BOeB2G38zh80yjHTbP8gQ=="
    }
  }
}
